
Microsoft Visual Studio Solution File, Format Version 12.00
# Visual Studio 2013
VisualStudioVersion = 12.0.21005.1
MinimumVisualStudioVersion = 10.0.40219.1
Project("{FAE04EC0-301F-11D3-BF4B-00C04F79EFBC}") = "StudentManagement", "StudentManagement\StudentManagement.csproj", "{EFCF505D-C812-4EF9-926B-A97B601CFFEF}"
EndProject
Global
	GlobalSection(SolutionConfigurationPlatforms) = preSolution
		Debug|Any CPU = Debug|Any CPU
		Release|Any CPU = Release|Any CPU
	EndGlobalSection
	GlobalSection(ProjectConfigurationPlatforms) = postSolution
		{EFCF505D-C812-4EF9-926B-A97B601CFFEF}.Debug|Any CPU.ActiveCfg = Debug|Any CPU
		{EFCF505D-C812-4EF9-926B-A97B601CFFEF}.Debug|Any CPU.Build.0 = Debug|Any CPU
		{EFCF505D-C812-4EF9-926B-A97B601CFFEF}.Release|Any CPU.ActiveCfg = Release|Any CPU
		{EFCF505D-C812-4EF9-926B-A97B601CFFEF}.Release|Any CPU.Build.0 = Release|Any CPU
	EndGlobalSection
	GlobalSection(SolutionProperties) = preSolution
		HideSolutionNode = FALSE
	EndGlobalSection
EndGlobal
